
Microsoft Visual Studio Solution File, Format Version 12.00
# Visual Studio 14
VisualStudioVersion = 14.0.25123.0
MinimumVisualStudioVersion = 10.0.40219.1
Project("{FAE04EC0-301F-11D3-BF4B-00C04F79EFBC}") = "ProtonAnalytics", "ProtonAnalytics\ProtonAnalytics.csproj", "{7B407F28-1415-451C-9611-5EDBA784BF71}"
EndProject
Project("{FAE04EC0-301F-11D3-BF4B-00C04F79EFBC}") = "ProtonAnalytics.FunctionalTests", "ProtonAnalytics.FunctionalTests\ProtonAnalytics.FunctionalTests.csproj", "{2D52EAD5-7F48-406B-88A1-BF86B4CB2297}"
EndProject
Project("{FAE04EC0-301F-11D3-BF4B-00C04F79EFBC}") = "ProtonAnalytics.UnitTests", "ProtonAnalytics.UnitTests\ProtonAnalytics.UnitTests.csproj", "{B648A028-22EF-4D26-8091-70A707B63492}"
EndProject
Global
	GlobalSection(SolutionConfigurationPlatforms) = preSolution
		Debug|Any CPU = Debug|Any CPU
		Release|Any CPU = Release|Any CPU
	EndGlobalSection
	GlobalSection(ProjectConfigurationPlatforms) = postSolution
		{7B407F28-1415-451C-9611-5EDBA784BF71}.Debug|Any CPU.ActiveCfg = Debug|Any CPU
		{7B407F28-1415-451C-9611-5EDBA784BF71}.Debug|Any CPU.Build.0 = Debug|Any CPU
		{7B407F28-1415-451C-9611-5EDBA784BF71}.Release|Any CPU.ActiveCfg = Release|Any CPU
		{7B407F28-1415-451C-9611-5EDBA784BF71}.Release|Any CPU.Build.0 = Release|Any CPU
		{2D52EAD5-7F48-406B-88A1-BF86B4CB2297}.Debug|Any CPU.ActiveCfg = Debug|Any CPU
		{2D52EAD5-7F48-406B-88A1-BF86B4CB2297}.Debug|Any CPU.Build.0 = Debug|Any CPU
		{2D52EAD5-7F48-406B-88A1-BF86B4CB2297}.Release|Any CPU.ActiveCfg = Release|Any CPU
		{2D52EAD5-7F48-406B-88A1-BF86B4CB2297}.Release|Any CPU.Build.0 = Release|Any CPU
		{B648A028-22EF-4D26-8091-70A707B63492}.Debug|Any CPU.ActiveCfg = Debug|Any CPU
		{B648A028-22EF-4D26-8091-70A707B63492}.Debug|Any CPU.Build.0 = Debug|Any CPU
		{B648A028-22EF-4D26-8091-70A707B63492}.Release|Any CPU.ActiveCfg = Release|Any CPU
		{B648A028-22EF-4D26-8091-70A707B63492}.Release|Any CPU.Build.0 = Release|Any CPU
	EndGlobalSection
	GlobalSection(SolutionProperties) = preSolution
		HideSolutionNode = FALSE
	EndGlobalSection
EndGlobal
